
Microsoft Visual Studio Solution File, Format Version 12.00
# Visual Studio 15
VisualStudioVersion = 15.0.28307.539
MinimumVisualStudioVersion = 10.0.40219.1
Project("{FAE04EC0-301F-11D3-BF4B-00C04F79EFBC}") = "MCS.Standard.Library.Core", "MCS.Standard.Library.Core\MCS.Standard.Library.Core.csproj", "{46116812-1EE1-4C80-8E30-1AA14D32229E}"
EndProject
Global
	GlobalSection(SolutionConfigurationPlatforms) = preSolution
		Debug|Any CPU = Debug|Any CPU
		Release|Any CPU = Release|Any CPU
	EndGlobalSection
	GlobalSection(ProjectConfigurationPlatforms) = postSolution
		{46116812-1EE1-4C80-8E30-1AA14D32229E}.Debug|Any CPU.ActiveCfg = Debug|Any CPU
		{46116812-1EE1-4C80-8E30-1AA14D32229E}.Debug|Any CPU.Build.0 = Debug|Any CPU
		{46116812-1EE1-4C80-8E30-1AA14D32229E}.Release|Any CPU.ActiveCfg = Release|Any CPU
		{46116812-1EE1-4C80-8E30-1AA14D32229E}.Release|Any CPU.Build.0 = Release|Any CPU
	EndGlobalSection
	GlobalSection(SolutionProperties) = preSolution
		HideSolutionNode = FALSE
	EndGlobalSection
	GlobalSection(ExtensibilityGlobals) = postSolution
		SolutionGuid = {AC41725B-805F-44E7-8F97-E6F79C630F8B}
	EndGlobalSection
EndGlobal
