
Microsoft Visual Studio Solution File, Format Version 12.00
# Visual Studio 15
VisualStudioVersion = 15.0.28307.539
MinimumVisualStudioVersion = 10.0.40219.1
Project("{FAE04EC0-301F-11D3-BF4B-00C04F79EFBC}") = "MCS.Standard.Library.Core.Test", "MCS.Standard.Library.Core.Test\MCS.Standard.Library.Core.Test.csproj", "{16488488-2795-4D9D-A4AD-A9F499FE4B24}"
	ProjectSection(ProjectDependencies) = postProject
		{0682CC62-D763-4703-BC1F-E9F12E52FA33} = {0682CC62-D763-4703-BC1F-E9F12E52FA33}
	EndProjectSection
EndProject
Project("{9A19103F-16F7-4668-BE54-9A1E7A4F7556}") = "MCS.Standard.Library.Core", "..\Src\MCS.Standard.Library.Core\MCS.Standard.Library.Core.csproj", "{0682CC62-D763-4703-BC1F-E9F12E52FA33}"
EndProject
Global
	GlobalSection(SolutionConfigurationPlatforms) = preSolution
		Debug|Any CPU = Debug|Any CPU
		Release|Any CPU = Release|Any CPU
	EndGlobalSection
	GlobalSection(ProjectConfigurationPlatforms) = postSolution
		{16488488-2795-4D9D-A4AD-A9F499FE4B24}.Debug|Any CPU.ActiveCfg = Debug|Any CPU
		{16488488-2795-4D9D-A4AD-A9F499FE4B24}.Debug|Any CPU.Build.0 = Debug|Any CPU
		{16488488-2795-4D9D-A4AD-A9F499FE4B24}.Release|Any CPU.ActiveCfg = Release|Any CPU
		{16488488-2795-4D9D-A4AD-A9F499FE4B24}.Release|Any CPU.Build.0 = Release|Any CPU
		{0682CC62-D763-4703-BC1F-E9F12E52FA33}.Debug|Any CPU.ActiveCfg = Debug|Any CPU
		{0682CC62-D763-4703-BC1F-E9F12E52FA33}.Debug|Any CPU.Build.0 = Debug|Any CPU
		{0682CC62-D763-4703-BC1F-E9F12E52FA33}.Release|Any CPU.ActiveCfg = Release|Any CPU
		{0682CC62-D763-4703-BC1F-E9F12E52FA33}.Release|Any CPU.Build.0 = Release|Any CPU
	EndGlobalSection
	GlobalSection(SolutionProperties) = preSolution
		HideSolutionNode = FALSE
	EndGlobalSection
	GlobalSection(ExtensibilityGlobals) = postSolution
		SolutionGuid = {6745BB9E-A8AA-4D54-91E2-61EA591919DF}
	EndGlobalSection
EndGlobal
